{
  "nodes": {
    "nixpkgs": {
      "locked": {
        "lastModified": 1677063057,
        "narHash": "sha256-WpAjBU0O5C9AzkxqmJdQIClLBRp/fnYpv4llJsAs//Y=",
        "owner": "nixos",
        "repo": "nixpkgs",
        "rev": "214e934933031fa4e8ff0c723d3a6b3c73e8808a",
        "type": "github"
      },
      "original": {
        "owner": "nixos",
        "repo": "nixpkgs",
        "type": "github"
      }
    },
    "root": {
      "inputs": {
        "nixpkgs": "nixpkgs"
      }
    }
  },
  "root": "root",
  "version": 7
}
